
Microsoft Visual Studio Solution File, Format Version 12.00
# Visual Studio Version 17
VisualStudioVersion = 17.3.32922.545
MinimumVisualStudioVersion = 10.0.40219.1
Project("{FAE04EC0-301F-11D3-BF4B-00C04F79EFBC}") = "Malashin 2.24", "Malashin 2.24\Malashin 2.24.csproj", "{A5AA4C98-FBC2-46D5-903D-B3E0707BBDA2}"
EndProject
Global
	GlobalSection(SolutionConfigurationPlatforms) = preSolution
		Debug|Any CPU = Debug|Any CPU
		Release|Any CPU = Release|Any CPU
	EndGlobalSection
	GlobalSection(ProjectConfigurationPlatforms) = postSolution
		{A5AA4C98-FBC2-46D5-903D-B3E0707BBDA2}.Debug|Any CPU.ActiveCfg = Debug|Any CPU
		{A5AA4C98-FBC2-46D5-903D-B3E0707BBDA2}.Debug|Any CPU.Build.0 = Debug|Any CPU
		{A5AA4C98-FBC2-46D5-903D-B3E0707BBDA2}.Release|Any CPU.ActiveCfg = Release|Any CPU
		{A5AA4C98-FBC2-46D5-903D-B3E0707BBDA2}.Release|Any CPU.Build.0 = Release|Any CPU
	EndGlobalSection
	GlobalSection(SolutionProperties) = preSolution
		HideSolutionNode = FALSE
	EndGlobalSection
	GlobalSection(ExtensibilityGlobals) = postSolution
		SolutionGuid = {57FABBA6-0B4A-4CE6-830E-2129F532D495}
	EndGlobalSection
EndGlobal
